// !$*UTF8*$!
{
	archiveVersion = 1;
	classes = {
	};
	objectVersion = 56;
	objects = {

/* Begin PBXBuildFile section */
		71E5A5DF29ABF7520067C59B /* AppDelegate.swift in Sources */ = {isa = PBXBuildFile; fileRef = 71E5A5DE29ABF7520067C59B /* AppDelegate.swift */; };
		71E5A5E129ABF7520067C59B /* SceneDelegate.swift in Sources */ = {isa = PBXBuildFile; fileRef = 71E5A5E029ABF7520067C59B /* SceneDelegate.swift */; };
		71E5A5E329ABF7520067C59B /* ViewController.swift in Sources */ = {isa = PBXBuildFile; fileRef = 71E5A5E229ABF7520067C59B /* ViewController.swift */; };
		71E5A5E629ABF7520067C59B /* Main.storyboard in Resources */ = {isa = PBXBuildFile; fileRef = 71E5A5E429ABF7520067C59B /* Main.storyboard */; };
		71E5A5E829ABF7530067C59B /* Assets.xcassets in Resources */ = {isa = PBXBuildFile; fileRef = 71E5A5E729ABF7530067C59B /* Assets.xcassets */; };
		71E5A5EB29ABF7530067C59B /* LaunchScreen.storyboard in Resources */ = {isa = PBXBuildFile; fileRef = 71E5A5E929ABF7530067C59B /* LaunchScreen.storyboard */; };
		71E5A5F629ABF7530067C59B /* Netflix_cloneTests.swift in Sources */ = {isa = PBXBuildFile; fileRef = 71E5A5F529ABF7530067C59B /* Netflix_cloneTests.swift */; };
		71E5A60029ABF7530067C59B /* Netflix_cloneUITests.swift in Sources */ = {isa = PBXBuildFile; fileRef = 71E5A5FF29ABF7530067C59B /* Netflix_cloneUITests.swift */; };
		71E5A60229ABF7530067C59B /* Netflix_cloneUITestsLaunchTests.swift in Sources */ = {isa = PBXBuildFile; fileRef = 71E5A60129ABF7530067C59B /* Netflix_cloneUITestsLaunchTests.swift */; };
/* End PBXBuildFile section */

/* Begin PBXContainerItemProxy section */
		71E5A5F229ABF7530067C59B /* PBXContainerItemProxy */ = {
			isa = PBXContainerItemProxy;
			containerPortal = 71E5A5D329ABF7520067C59B /* Project object */;
			proxyType = 1;
			remoteGlobalIDString = 71E5A5DA29ABF7520067C59B;
			remoteInfo = "Netflix-clone";
		};
		71E5A5FC29ABF7530067C59B /* PBXContainerItemProxy */ = {
			isa = PBXContainerItemProxy;
			containerPortal = 71E5A5D329ABF7520067C59B /* Project object */;
			proxyType = 1;
			remoteGlobalIDString = 71E5A5DA29ABF7520067C59B;
			remoteInfo = "Netflix-clone";
		};
/* End PBXContainerItemProxy section */

/* Begin PBXFileReference section */
		71E5A5DB29ABF7520067C59B /* Netflix-clone.app */ = {isa = PBXFileReference; explicitFileType = wrapper.application; includeInIndex = 0; path = "Netflix-clone.app"; sourceTree = BUILT_PRODUCTS_DIR; };
		71E5A5DE29ABF7520067C59B /* AppDelegate.swift */ = {isa = PBXFileReference; lastKnownFileType = sourcecode.swift; path = AppDelegate.swift; sourceTree = "<group>"; };
		71E5A5E029ABF7520067C59B /* SceneDelegate.swift */ = {isa = PBXFileReference; lastKnownFileType = sourcecode.swift; path = SceneDelegate.swift; sourceTree = "<group>"; };
		71E5A5E229ABF7520067C59B /* ViewController.swift */ = {isa = PBXFileReference; lastKnownFileType = sourcecode.swift; path = ViewController.swift; sourceTree = "<group>"; };
		71E5A5E529ABF7520067C59B /* Base */ = {isa = PBXFileReference; lastKnownFileType = file.storyboard; name = Base; path = Base.lproj/Main.storyboard; sourceTree = "<group>"; };
		71E5A5E729ABF7530067C59B /* Assets.xcassets */ = {isa = PBXFileReference; lastKnownFileType = folder.assetcatalog; path = Assets.xcassets; sourceTree = "<group>"; };
		71E5A5EA29ABF7530067C59B /* Base */ = {isa = PBXFileReference; lastKnownFileType = file.storyboard; name = Base; path = Base.lproj/LaunchScreen.storyboard; sourceTree = "<group>"; };
		71E5A5EC29ABF7530067C59B /* Info.plist */ = {isa = PBXFileReference; lastKnownFileType = text.plist.xml; path = Info.plist; sourceTree = "<group>"; };
		71E5A5F129ABF7530067C59B /* Netflix-cloneTests.xctest */ = {isa = PBXFileReference; explicitFileType = wrapper.cfbundle; includeInIndex = 0; path = "Netflix-cloneTests.xctest"; sourceTree = BUILT_PRODUCTS_DIR; };
		71E5A5F529ABF7530067C59B /* Netflix_cloneTests.swift */ = {isa = PBXFileReference; lastKnownFileType = sourcecode.swift; path = Netflix_cloneTests.swift; sourceTree = "<group>"; };
		71E5A5FB29ABF7530067C59B /* Netflix-cloneUITests.xctest */ = {isa = PBXFileReference; explicitFileType = wrapper.cfbundle; includeInIndex = 0; path = "Netflix-cloneUITests.xctest"; sourceTree = BUILT_PRODUCTS_DIR; };
		71E5A5FF29ABF7530067C59B /* Netflix_cloneUITests.swift */ = {isa = PBXFileReference; lastKnownFileType = sourcecode.swift; path = Netflix_cloneUITests.swift; sourceTree = "<group>"; };
		71E5A60129ABF7530067C59B /* Netflix_cloneUITestsLaunchTests.swift */ = {isa = PBXFileReference; lastKnownFileType = sourcecode.swift; path = Netflix_cloneUITestsLaunchTests.swift; sourceTree = "<group>"; };
/* End PBXFileReference section */

/* Begin PBXFrameworksBuildPhase section */
		71E5A5D829ABF7520067C59B /* Frameworks */ = {
			isa = PBXFrameworksBuildPhase;
			buildActionMask = 2147483647;
			files = (
			);
			runOnlyForDeploymentPostprocessing = 0;
		};
		71E5A5EE29ABF7530067C59B /* Frameworks */ = {
			isa = PBXFrameworksBuildPhase;
			buildActionMask = 2147483647;
			files = (
			);
			runOnlyForDeploymentPostprocessing = 0;
		};
		71E5A5F829ABF7530067C59B /* Frameworks */ = {
			isa = PBXFrameworksBuildPhase;
			buildActionMask = 2147483647;
			files = (
			);
			runOnlyForDeploymentPostprocessing = 0;
		};
/* End PBXFrameworksBuildPhase section */

/* Begin PBXGroup section */
		71E5A5D229ABF7520067C59B = {
			isa = PBXGroup;
			children = (
				71E5A5DD29ABF7520067C59B /* Netflix-clone */,
				71E5A5F429ABF7530067C59B /* Netflix-cloneTests */,
				71E5A5FE29ABF7530067C59B /* Netflix-cloneUITests */,
				71E5A5DC29ABF7520067C59B /* Products */,
			);
			sourceTree = "<group>";
		};
		71E5A5DC29ABF7520067C59B /* Products */ = {
			isa = PBXGroup;
			children = (
				71E5A5DB29ABF7520067C59B /* Netflix-clone.app */,
				71E5A5F129ABF7530067C59B /* Netflix-cloneTests.xctest */,
				71E5A5FB29ABF7530067C59B /* Netflix-cloneUITests.xctest */,
			);
			name = Products;
			sourceTree = "<group>";
		};
		71E5A5DD29ABF7520067C59B /* Netflix-clone */ = {
			isa = PBXGroup;
			children = (
				71E5A5DE29ABF7520067C59B /* AppDelegate.swift */,
				71E5A5E029ABF7520067C59B /* SceneDelegate.swift */,
				71E5A5E229ABF7520067C59B /* ViewController.swift */,
				71E5A5E429ABF7520067C59B /* Main.storyboard */,
				71E5A5E729ABF7530067C59B /* Assets.xcassets */,
				71E5A5E929ABF7530067C59B /* LaunchScreen.storyboard */,
				71E5A5EC29ABF7530067C59B /* Info.plist */,
			);
			path = "Netflix-clone";
			sourceTree = "<group>";
		};
		71E5A5F429ABF7530067C59B /* Netflix-cloneTests */ = {
			isa = PBXGroup;
			children = (
				71E5A5F529ABF7530067C59B /* Netflix_cloneTests.swift */,
			);
			path = "Netflix-cloneTests";
			sourceTree = "<group>";
		};
		71E5A5FE29ABF7530067C59B /* Netflix-cloneUITests */ = {
			isa = PBXGroup;
			children = (
				71E5A5FF29ABF7530067C59B /* Netflix_cloneUITests.swift */,
				71E5A60129ABF7530067C59B /* Netflix_cloneUITestsLaunchTests.swift */,
			);
			path = "Netflix-cloneUITests";
			sourceTree = "<group>";
		};
/* End PBXGroup section */

/* Begin PBXNativeTarget section */
		71E5A5DA29ABF7520067C59B /* Netflix-clone */ = {
			isa = PBXNativeTarget;
			buildConfigurationList = 71E5A60529ABF7530067C59B /* Build configuration list for PBXNativeTarget "Netflix-clone" */;
			buildPhases = (
				71E5A5D729ABF7520067C59B /* Sources */,
				71E5A5D829ABF7520067C59B /* Frameworks */,
				71E5A5D929ABF7520067C59B /* Resources */,
			);
			buildRules = (
			);
			dependencies = (
			);
			name = "Netflix-clone";
			productName = "Netflix-clone";
			productReference = 71E5A5DB29ABF7520067C59B /* Netflix-clone.app */;
			productType = "com.apple.product-type.application";
		};
		71E5A5F029ABF7530067C59B /* Netflix-cloneTests */ = {
			isa = PBXNativeTarget;
			buildConfigurationList = 71E5A60829ABF7530067C59B /* Build configuration list for PBXNativeTarget "Netflix-cloneTests" */;
			buildPhases = (
				71E5A5ED29ABF7530067C59B /* Sources */,
				71E5A5EE29ABF7530067C59B /* Frameworks */,
				71E5A5EF29ABF7530067C59B /* Resources */,
			);
			buildRules = (
			);
			dependencies = (
				71E5A5F329ABF7530067C59B /* PBXTargetDependency */,
			);
			name = "Netflix-cloneTests";
			productName = "Netflix-cloneTests";
			productReference = 71E5A5F129ABF7530067C59B /* Netflix-cloneTests.xctest */;
			productType = "com.apple.product-type.bundle.unit-test";
		};
		71E5A5FA29ABF7530067C59B /* Netflix-cloneUITests */ = {
			isa = PBXNativeTarget;
			buildConfigurationList = 71E5A60B29ABF7530067C59B /* Build configuration list for PBXNativeTarget "Netflix-cloneUITests" */;
			buildPhases = (
				71E5A5F729ABF7530067C59B /* Sources */,
				71E5A5F829ABF7530067C59B /* Frameworks */,
				71E5A5F929ABF7530067C59B /* Resources */,
			);
			buildRules = (
			);
			dependencies = (
				71E5A5FD29ABF7530067C59B /* PBXTargetDependency */,
			);
			name = "Netflix-cloneUITests";
			productName = "Netflix-cloneUITests";
			productReference = 71E5A5FB29ABF7530067C59B /* Netflix-cloneUITests.xctest */;
			productType = "com.apple.product-type.bundle.ui-testing";
		};
/* End PBXNativeTarget section */

/* Begin PBXProject section */
		71E5A5D329ABF7520067C59B /* Project object */ = {
			isa = PBXProject;
			attributes = {
				BuildIndependentTargetsInParallel = 1;
				LastSwiftUpdateCheck = 1420;
				LastUpgradeCheck = 1420;
				TargetAttributes = {
					71E5A5DA29ABF7520067C59B = {
						CreatedOnToolsVersion = 14.2;
					};
					71E5A5F029ABF7530067C59B = {
						CreatedOnToolsVersion = 14.2;
						TestTargetID = 71E5A5DA29ABF7520067C59B;
					};
					71E5A5FA29ABF7530067C59B = {
						CreatedOnToolsVersion = 14.2;
						TestTargetID = 71E5A5DA29ABF7520067C59B;
					};
				};
			};
			buildConfigurationList = 71E5A5D629ABF7520067C59B /* Build configuration list for PBXProject "Netflix-clone" */;
			compatibilityVersion = "Xcode 14.0";
			developmentRegion = en;
			hasScannedForEncodings = 0;
			knownRegions = (
				en,
				Base,
			);
			mainGroup = 71E5A5D229ABF7520067C59B;
			productRefGroup = 71E5A5DC29ABF7520067C59B /* Products */;
			projectDirPath = "";
			projectRoot = "";
			targets = (
				71E5A5DA29ABF7520067C59B /* Netflix-clone */,
				71E5A5F029ABF7530067C59B /* Netflix-cloneTests */,
				71E5A5FA29ABF7530067C59B /* Netflix-cloneUITests */,
			);
		};
/* End PBXProject section */

/* Begin PBXResourcesBuildPhase section */
		71E5A5D929ABF7520067C59B /* Resources */ = {
			isa = PBXResourcesBuildPhase;
			buildActionMask = 2147483647;
			files = (
				71E5A5EB29ABF7530067C59B /* LaunchScreen.storyboard in Resources */,
				71E5A5E829ABF7530067C59B /* Assets.xcassets in Resources */,
				71E5A5E629ABF7520067C59B /* Main.storyboard in Resources */,
			);
			runOnlyForDeploymentPostprocessing = 0;
		};
		71E5A5EF29ABF7530067C59B /* Resources */ = {
			isa = PBXResourcesBuildPhase;
			buildActionMask = 2147483647;
			files = (
			);
			runOnlyForDeploymentPostprocessing = 0;
		};
		71E5A5F929ABF7530067C59B /* Resources */ = {
			isa = PBXResourcesBuildPhase;
			buildActionMask = 2147483647;
			files = (
			);
			runOnlyForDeploymentPostprocessing = 0;
		};
/* End PBXResourcesBuildPhase section */

/* Begin PBXSourcesBuildPhase section */
		71E5A5D729ABF7520067C59B /* Sources */ = {
			isa = PBXSourcesBuildPhase;
			buildActionMask = 2147483647;
			files = (
				71E5A5E329ABF7520067C59B /* ViewController.swift in Sources */,
				71E5A5DF29ABF7520067C59B /* AppDelegate.swift in Sources */,
				71E5A5E129ABF7520067C59B /* SceneDelegate.swift in Sources */,
			);
			runOnlyForDeploymentPostprocessing = 0;
		};
		71E5A5ED29ABF7530067C59B /* Sources */ = {
			isa = PBXSourcesBuildPhase;
			buildActionMask = 2147483647;
			files = (
				71E5A5F629ABF7530067C59B /* Netflix_cloneTests.swift in Sources */,
			);
			runOnlyForDeploymentPostprocessing = 0;
		};
		71E5A5F729ABF7530067C59B /* Sources */ = {
			isa = PBXSourcesBuildPhase;
			buildActionMask = 2147483647;
			files = (
				71E5A60029ABF7530067C59B /* Netflix_cloneUITests.swift in Sources */,
				71E5A60229ABF7530067C59B /* Netflix_cloneUITestsLaunchTests.swift in Sources */,
			);
			runOnlyForDeploymentPostprocessing = 0;
		};
/* End PBXSourcesBuildPhase section */

/* Begin PBXTargetDependency section */
		71E5A5F329ABF7530067C59B /* PBXTargetDependency */ = {
			isa = PBXTargetDependency;
			target = 71E5A5DA29ABF7520067C59B /* Netflix-clone */;
			targetProxy = 71E5A5F229ABF7530067C59B /* PBXContainerItemProxy */;
		};
		71E5A5FD29ABF7530067C59B /* PBXTargetDependency */ = {
			isa = PBXTargetDependency;
			target = 71E5A5DA29ABF7520067C59B /* Netflix-clone */;
			targetProxy = 71E5A5FC29ABF7530067C59B /* PBXContainerItemProxy */;
		};
/* End PBXTargetDependency section */

/* Begin PBXVariantGroup section */
		71E5A5E429ABF7520067C59B /* Main.storyboard */ = {
			isa = PBXVariantGroup;
			children = (
				71E5A5E529ABF7520067C59B /* Base */,
			);
			name = Main.storyboard;
			sourceTree = "<group>";
		};
		71E5A5E929ABF7530067C59B /* LaunchScreen.storyboard */ = {
			isa = PBXVariantGroup;
			children = (
				71E5A5EA29ABF7530067C59B /* Base */,
			);
			name = LaunchScreen.storyboard;
			sourceTree = "<group>";
		};
/* End PBXVariantGroup section */

/* Begin XCBuildConfiguration section */
		71E5A60329ABF7530067C59B /* Debug */ = {
			isa = XCBuildConfiguration;
			buildSettings = {
				ALWAYS_SEARCH_USER_PATHS = NO;
				CLANG_ANALYZER_NONNULL = YES;
				CLANG_ANALYZER_NUMBER_OBJECT_CONVERSION = YES_AGGRESSIVE;
				CLANG_CXX_LANGUAGE_STANDARD = "gnu++20";
				CLANG_ENABLE_MODULES = YES;
				CLANG_ENABLE_OBJC_ARC = YES;
				CLANG_ENABLE_OBJC_WEAK = YES;
				CLANG_WARN_BLOCK_CAPTURE_AUTORELEASING = YES;
				CLANG_WARN_BOOL_CONVERSION = YES;
				CLANG_WARN_COMMA = YES;
				CLANG_WARN_CONSTANT_CONVERSION = YES;
				CLANG_WARN_DEPRECATED_OBJC_IMPLEMENTATIONS = YES;
				CLANG_WARN_DIRECT_OBJC_ISA_USAGE = YES_ERROR;
				CLANG_WARN_DOCUMENTATION_COMMENTS = YES;
				CLANG_WARN_EMPTY_BODY = YES;
				CLANG_WARN_ENUM_CONVERSION = YES;
				CLANG_WARN_INFINITE_RECURSION = YES;
				CLANG_WARN_INT_CONVERSION = YES;
				CLANG_WARN_NON_LITERAL_NULL_CONVERSION = YES;
				CLANG_WARN_OBJC_IMPLICIT_RETAIN_SELF = YES;
				CLANG_WARN_OBJC_LITERAL_CONVERSION = YES;
				CLANG_WARN_OBJC_ROOT_CLASS = YES_ERROR;
				CLANG_WARN_QUOTED_INCLUDE_IN_FRAMEWORK_HEADER = YES;
				CLANG_WARN_RANGE_LOOP_ANALYSIS = YES;
				CLANG_WARN_STRICT_PROTOTYPES = YES;
				CLANG_WARN_SUSPICIOUS_MOVE = YES;
				CLANG_WARN_UNGUARDED_AVAILABILITY = YES_AGGRESSIVE;
				CLANG_WARN_UNREACHABLE_CODE = YES;
				CLANG_WARN__DUPLICATE_METHOD_MATCH = YES;
				COPY_PHASE_STRIP = NO;
				DEBUG_INFORMATION_FORMAT = dwarf;
				ENABLE_STRICT_OBJC_MSGSEND = YES;
				ENABLE_TESTABILITY = YES;
				GCC_C_LANGUAGE_STANDARD = gnu11;
				GCC_DYNAMIC_NO_PIC = NO;
				GCC_NO_COMMON_BLOCKS = YES;
				GCC_OPTIMIZATION_LEVEL = 0;
				GCC_PREPROCESSOR_DEFINITIONS = (
					"DEBUG=1",
					"$(inherited)",
				);
				GCC_WARN_64_TO_32_BIT_CONVERSION = YES;
				GCC_WARN_ABOUT_RETURN_TYPE = YES_ERROR;
				GCC_WARN_UNDECLARED_SELECTOR = YES;
				GCC_WARN_UNINITIALIZED_AUTOS = YES_AGGRESSIVE;
				GCC_WARN_UNUSED_FUNCTION = YES;
				GCC_WARN_UNUSED_VARIABLE = YES;
				IPHONEOS_DEPLOYMENT_TARGET = 16.2;
				MTL_ENABLE_DEBUG_INFO = INCLUDE_SOURCE;
				MTL_FAST_MATH = YES;
				ONLY_ACTIVE_ARCH = YES;
				SDKROOT = iphoneos;
				SWIFT_ACTIVE_COMPILATION_CONDITIONS = DEBUG;
				SWIFT_OPTIMIZATION_LEVEL = "-Onone";
			};
			name = Debug;
		};
		71E5A60429ABF7530067C59B /* Release */ = {
			isa = XCBuildConfiguration;
			buildSettings = {
				ALWAYS_SEARCH_USER_PATHS = NO;
				CLANG_ANALYZER_NONNULL = YES;
				CLANG_ANALYZER_NUMBER_OBJECT_CONVERSION = YES_AGGRESSIVE;
				CLANG_CXX_LANGUAGE_STANDARD = "gnu++20";
				CLANG_ENABLE_MODULES = YES;
				CLANG_ENABLE_OBJC_ARC = YES;
				CLANG_ENABLE_OBJC_WEAK = YES;
				CLANG_WARN_BLOCK_CAPTURE_AUTORELEASING = YES;
				CLANG_WARN_BOOL_CONVERSION = YES;
				CLANG_WARN_COMMA = YES;
				CLANG_WARN_CONSTANT_CONVERSION = YES;
				CLANG_WARN_DEPRECATED_OBJC_IMPLEMENTATIONS = YES;
				CLANG_WARN_DIRECT_OBJC_ISA_USAGE = YES_ERROR;
				CLANG_WARN_DOCUMENTATION_COMMENTS = YES;
				CLANG_WARN_EMPTY_BODY = YES;
				CLANG_WARN_ENUM_CONVERSION = YES;
				CLANG_WARN_INFINITE_RECURSION = YES;
				CLANG_WARN_INT_CONVERSION = YES;
				CLANG_WARN_NON_LITERAL_NULL_CONVERSION = YES;
				CLANG_WARN_OBJC_IMPLICIT_RETAIN_SELF = YES;
				CLANG_WARN_OBJC_LITERAL_CONVERSION = YES;
				CLANG_WARN_OBJC_ROOT_CLASS = YES_ERROR;
				CLANG_WARN_QUOTED_INCLUDE_IN_FRAMEWORK_HEADER = YES;
				CLANG_WARN_RANGE_LOOP_ANALYSIS = YES;
				CLANG_WARN_STRICT_PROTOTYPES = YES;
				CLANG_WARN_SUSPICIOUS_MOVE = YES;
				CLANG_WARN_UNGUARDED_AVAILABILITY = YES_AGGRESSIVE;
				CLANG_WARN_UNREACHABLE_CODE = YES;
				CLANG_WARN__DUPLICATE_METHOD_MATCH = YES;
				COPY_PHASE_STRIP = NO;
				DEBUG_INFORMATION_FORMAT = "dwarf-with-dsym";
				ENABLE_NS_ASSERTIONS = NO;
				ENABLE_STRICT_OBJC_MSGSEND = YES;
				GCC_C_LANGUAGE_STANDARD = gnu11;
				GCC_NO_COMMON_BLOCKS = YES;
				GCC_WARN_64_TO_32_BIT_CONVERSION = YES;
				GCC_WARN_ABOUT_RETURN_TYPE = YES_ERROR;
				GCC_WARN_UNDECLARED_SELECTOR = YES;
				GCC_WARN_UNINITIALIZED_AUTOS = YES_AGGRESSIVE;
				GCC_WARN_UNUSED_FUNCTION = YES;
				GCC_WARN_UNUSED_VARIABLE = YES;
				IPHONEOS_DEPLOYMENT_TARGET = 16.2;
				MTL_ENABLE_DEBUG_INFO = NO;
				MTL_FAST_MATH = YES;
				SDKROOT = iphoneos;
				SWIFT_COMPILATION_MODE = wholemodule;
				SWIFT_OPTIMIZATION_LEVEL = "-O";
				VALIDATE_PRODUCT = YES;
			};
			name = Release;
		};
		71E5A60629ABF7530067C59B /* Debug */ = {
			isa = XCBuildConfiguration;
			buildSettings = {
				ASSETCATALOG_COMPILER_APPICON_NAME = AppIcon;
				ASSETCATALOG_COMPILER_GLOBAL_ACCENT_COLOR_NAME = AccentColor;
				CODE_SIGN_STYLE = Automatic;
				CURRENT_PROJECT_VERSION = 1;
				DEVELOPMENT_TEAM = 5F75U2XJ5X;
				GENERATE_INFOPLIST_FILE = YES;
				INFOPLIST_FILE = "Netflix-clone/Info.plist";
				INFOPLIST_KEY_UIApplicationSupportsIndirectInputEvents = YES;
				INFOPLIST_KEY_UILaunchStoryboardName = LaunchScreen;
				INFOPLIST_KEY_UIMainStoryboardFile = Main;
				INFOPLIST_KEY_UISupportedInterfaceOrientations = UIInterfaceOrientationPortrait;
				LD_RUNPATH_SEARCH_PATHS = (
					"$(inherited)",
					"@executable_path/Frameworks",
				);
				MARKETING_VERSION = 1.0;
				PRODUCT_BUNDLE_IDENTIFIER = "com.ezana.Netflix-clone";
				PRODUCT_NAME = "$(TARGET_NAME)";
				SWIFT_EMIT_LOC_STRINGS = YES;
				SWIFT_VERSION = 5.0;
				TARGETED_DEVICE_FAMILY = "1,2";
			};
			name = Debug;
		};
		71E5A60729ABF7530067C59B /* Release */ = {
			isa = XCBuildConfiguration;
			buildSettings = {
				ASSETCATALOG_COMPILER_APPICON_NAME = AppIcon;
				ASSETCATALOG_COMPILER_GLOBAL_ACCENT_COLOR_NAME = AccentColor;
				CODE_SIGN_STYLE = Automatic;
				CURRENT_PROJECT_VERSION = 1;
				DEVELOPMENT_TEAM = 5F75U2XJ5X;
				GENERATE_INFOPLIST_FILE = YES;
				INFOPLIST_FILE = "Netflix-clone/Info.plist";
				INFOPLIST_KEY_UIApplicationSupportsIndirectInputEvents = YES;
				INFOPLIST_KEY_UILaunchStoryboardName = LaunchScreen;
				INFOPLIST_KEY_UIMainStoryboardFile = Main;
				INFOPLIST_KEY_UISupportedInterfaceOrientations = UIInterfaceOrientationPortrait;
				LD_RUNPATH_SEARCH_PATHS = (
					"$(inherited)",
					"@executable_path/Frameworks",
				);
				MARKETING_VERSION = 1.0;
				PRODUCT_BUNDLE_IDENTIFIER = "com.ezana.Netflix-clone";
				PRODUCT_NAME = "$(TARGET_NAME)";
				SWIFT_EMIT_LOC_STRINGS = YES;
				SWIFT_VERSION = 5.0;
				TARGETED_DEVICE_FAMILY = "1,2";
			};
			name = Release;
		};
		71E5A60929ABF7530067C59B /* Debug */ = {
			isa = XCBuildConfiguration;
			buildSettings = {
				ALWAYS_EMBED_SWIFT_STANDARD_LIBRARIES = YES;
				BUNDLE_LOADER = "$(TEST_HOST)";
				CODE_SIGN_STYLE = Automatic;
				CURRENT_PROJECT_VERSION = 1;
				DEVELOPMENT_TEAM = 5F75U2XJ5X;
				GENERATE_INFOPLIST_FILE = YES;
				IPHONEOS_DEPLOYMENT_TARGET = 16.2;
				MARKETING_VERSION = 1.0;
				PRODUCT_BUNDLE_IDENTIFIER = "com.ezana.Netflix-cloneTests";
				PRODUCT_NAME = "$(TARGET_NAME)";
				SWIFT_EMIT_LOC_STRINGS = NO;
				SWIFT_VERSION = 5.0;
				TARGETED_DEVICE_FAMILY = "1,2";
				TEST_HOST = "$(BUILT_PRODUCTS_DIR)/Netflix-clone.app/$(BUNDLE_EXECUTABLE_FOLDER_PATH)/Netflix-clone";
			};
			name = Debug;
		};
		71E5A60A29ABF7530067C59B /* Release */ = {
			isa = XCBuildConfiguration;
			buildSettings = {
				ALWAYS_EMBED_SWIFT_STANDARD_LIBRARIES = YES;
				BUNDLE_LOADER = "$(TEST_HOST)";
				CODE_SIGN_STYLE = Automatic;
				CURRENT_PROJECT_VERSION = 1;
				DEVELOPMENT_TEAM = 5F75U2XJ5X;
				GENERATE_INFOPLIST_FILE = YES;
				IPHONEOS_DEPLOYMENT_TARGET = 16.2;
				MARKETING_VERSION = 1.0;
				PRODUCT_BUNDLE_IDENTIFIER = "com.ezana.Netflix-cloneTests";
				PRODUCT_NAME = "$(TARGET_NAME)";
				SWIFT_EMIT_LOC_STRINGS = NO;
				SWIFT_VERSION = 5.0;
				TARGETED_DEVICE_FAMILY = "1,2";
				TEST_HOST = "$(BUILT_PRODUCTS_DIR)/Netflix-clone.app/$(BUNDLE_EXECUTABLE_FOLDER_PATH)/Netflix-clone";
			};
			name = Release;
		};
		71E5A60C29ABF7530067C59B /* Debug */ = {
			isa = XCBuildConfiguration;
			buildSettings = {
				ALWAYS_EMBED_SWIFT_STANDARD_LIBRARIES = YES;
				CODE_SIGN_STYLE = Automatic;
				CURRENT_PROJECT_VERSION = 1;
				DEVELOPMENT_TEAM = 5F75U2XJ5X;
				GENERATE_INFOPLIST_FILE = YES;
				MARKETING_VERSION = 1.0;
				PRODUCT_BUNDLE_IDENTIFIER = "com.ezana.Netflix-cloneUITests";
				PRODUCT_NAME = "$(TARGET_NAME)";
				SWIFT_EMIT_LOC_STRINGS = NO;
				SWIFT_VERSION = 5.0;
				TARGETED_DEVICE_FAMILY = "1,2";
				TEST_TARGET_NAME = "Netflix-clone";
			};
			name = Debug;
		};
		71E5A60D29ABF7530067C59B /* Release */ = {
			isa = XCBuildConfiguration;
			buildSettings = {
				ALWAYS_EMBED_SWIFT_STANDARD_LIBRARIES = YES;
				CODE_SIGN_STYLE = Automatic;
				CURRENT_PROJECT_VERSION = 1;
				DEVELOPMENT_TEAM = 5F75U2XJ5X;
				GENERATE_INFOPLIST_FILE = YES;
				MARKETING_VERSION = 1.0;
				PRODUCT_BUNDLE_IDENTIFIER = "com.ezana.Netflix-cloneUITests";
				PRODUCT_NAME = "$(TARGET_NAME)";
				SWIFT_EMIT_LOC_STRINGS = NO;
				SWIFT_VERSION = 5.0;
				TARGETED_DEVICE_FAMILY = "1,2";
				TEST_TARGET_NAME = "Netflix-clone";
			};
			name = Release;
		};
/* End XCBuildConfiguration section */

/* Begin XCConfigurationList section */
		71E5A5D629ABF7520067C59B /* Build configuration list for PBXProject "Netflix-clone" */ = {
			isa = XCConfigurationList;
			buildConfigurations = (
				71E5A60329ABF7530067C59B /* Debug */,
				71E5A60429ABF7530067C59B /* Release */,
			);
			defaultConfigurationIsVisible = 0;
			defaultConfigurationName = Release;
		};
		71E5A60529ABF7530067C59B /* Build configuration list for PBXNativeTarget "Netflix-clone" */ = {
			isa = XCConfigurationList;
			buildConfigurations = (
				71E5A60629ABF7530067C59B /* Debug */,
				71E5A60729ABF7530067C59B /* Release */,
			);
			defaultConfigurationIsVisible = 0;
			defaultConfigurationName = Release;
		};
		71E5A60829ABF7530067C59B /* Build configuration list for PBXNativeTarget "Netflix-cloneTests" */ = {
			isa = XCConfigurationList;
			buildConfigurations = (
				71E5A60929ABF7530067C59B /* Debug */,
				71E5A60A29ABF7530067C59B /* Release */,
			);
			defaultConfigurationIsVisible = 0;
			defaultConfigurationName = Release;
		};
		71E5A60B29ABF7530067C59B /* Build configuration list for PBXNativeTarget "Netflix-cloneUITests" */ = {
			isa = XCConfigurationList;
			buildConfigurations = (
				71E5A60C29ABF7530067C59B /* Debug */,
				71E5A60D29ABF7530067C59B /* Release */,
			);
			defaultConfigurationIsVisible = 0;
			defaultConfigurationName = Release;
		};
/* End XCConfigurationList section */
	};
	rootObject = 71E5A5D329ABF7520067C59B /* Project object */;
}
